version: 1.0
shards:
  dotenv:
    github: gdotdesign/cr-dotenv
    commit: 68702bfa0a3c7eda9aa448c36d2d68dcecce7677

  kemal:
    github: sdogruyol/kemal
    commit: 6280af2e405258cc353e7d6039f3066817398a45

  kilt:
    github: jeromegn/kilt
    version: 0.3.3

  micrate:
    github: juanedi/micrate
    version: 0.2.2

  pg:
    github: will/crystal-pg
    version: 0.9.0

  radix:
    github: luislavena/radix
    version: 0.3.0

  slang:
    github: jeromegn/slang
    version: 1.4.0

